// !$*UTF8*$!
{
	archiveVersion = 1;
	classes = {
	};
	objectVersion = 46;
	objects = {

/* Begin PBXBuildFile section */
		ED463E2C1D4A025100D77DE4 /* main.m in Sources */ = {isa = PBXBuildFile; fileRef = ED463E2B1D4A025100D77DE4 /* main.m */; };
		ED463E2F1D4A025100D77DE4 /* AppDelegate.m in Sources */ = {isa = PBXBuildFile; fileRef = ED463E2E1D4A025100D77DE4 /* AppDelegate.m */; };
		ED463E321D4A025100D77DE4 /* ViewController.m in Sources */ = {isa = PBXBuildFile; fileRef = ED463E311D4A025100D77DE4 /* ViewController.m */; };
		ED463E351D4A025100D77DE4 /* Main.storyboard in Resources */ = {isa = PBXBuildFile; fileRef = ED463E331D4A025100D77DE4 /* Main.storyboard */; };
		ED463E371D4A025100D77DE4 /* Assets.xcassets in Resources */ = {isa = PBXBuildFile; fileRef = ED463E361D4A025100D77DE4 /* Assets.xcassets */; };
		ED463E3A1D4A025100D77DE4 /* LaunchScreen.storyboard in Resources */ = {isa = PBXBuildFile; fileRef = ED463E381D4A025100D77DE4 /* LaunchScreen.storyboard */; };
		ED463E421D4A0A7000D77DE4 /* AVFoundation.framework in Frameworks */ = {isa = PBXBuildFile; fileRef = ED463E411D4A0A7000D77DE4 /* AVFoundation.framework */; };
		ED463E5C1D4B37D000D77DE4 /* VideoToolbox.framework in Frameworks */ = {isa = PBXBuildFile; fileRef = ED463E5B1D4B37D000D77DE4 /* VideoToolbox.framework */; };
		ED463E681D4B3D8000D77DE4 /* AAPLEAGLLayer.m in Sources */ = {isa = PBXBuildFile; fileRef = ED463E631D4B3D8000D77DE4 /* AAPLEAGLLayer.m */; };
		ED463E691D4B3D8000D77DE4 /* H264HwDecoderImpl.m in Sources */ = {isa = PBXBuildFile; fileRef = ED463E651D4B3D8000D77DE4 /* H264HwDecoderImpl.m */; };
		ED463E6A1D4B3D8000D77DE4 /* H264HwEncoderImpl.m in Sources */ = {isa = PBXBuildFile; fileRef = ED463E671D4B3D8000D77DE4 /* H264HwEncoderImpl.m */; };
		ED463E701D4B3DC000D77DE4 /* AVCaptureManager.m in Sources */ = {isa = PBXBuildFile; fileRef = ED463E6D1D4B3DC000D77DE4 /* AVCaptureManager.m */; };
		ED463E731D4B3E0600D77DE4 /* AudioToolbox.framework in Frameworks */ = {isa = PBXBuildFile; fileRef = ED463E721D4B3E0600D77DE4 /* AudioToolbox.framework */; };
		ED574EEB1D504F81009ED54F /* libcrypto.a in Frameworks */ = {isa = PBXBuildFile; fileRef = ED574EDC1D504F81009ED54F /* libcrypto.a */; };
		ED574EED1D504F81009ED54F /* libssl.a in Frameworks */ = {isa = PBXBuildFile; fileRef = ED574EDE1D504F81009ED54F /* libssl.a */; };
		ED574EF51D507851009ED54F /* librtmp.a in Frameworks */ = {isa = PBXBuildFile; fileRef = ED574EF41D507851009ED54F /* librtmp.a */; };
		ED574EFB1D507A08009ED54F /* libfaac.a in Frameworks */ = {isa = PBXBuildFile; fileRef = ED574EFA1D507A08009ED54F /* libfaac.a */; };
		ED574F001D507A44009ED54F /* AudioManager.m in Sources */ = {isa = PBXBuildFile; fileRef = ED574EFD1D507A44009ED54F /* AudioManager.m */; };
		ED574F011D507A44009ED54F /* rtmpManager.m in Sources */ = {isa = PBXBuildFile; fileRef = ED574EFF1D507A44009ED54F /* rtmpManager.m */; };
		ED574F031D507AE2009ED54F /* libz.tbd in Frameworks */ = {isa = PBXBuildFile; fileRef = ED574F021D507AE2009ED54F /* libz.tbd */; };
/* End PBXBuildFile section */

/* Begin PBXFileReference section */
		ED463E271D4A025100D77DE4 /* RTMPDemo.app */ = {isa = PBXFileReference; explicitFileType = wrapper.application; includeInIndex = 0; path = RTMPDemo.app; sourceTree = BUILT_PRODUCTS_DIR; };
		ED463E2B1D4A025100D77DE4 /* main.m */ = {isa = PBXFileReference; lastKnownFileType = sourcecode.c.objc; path = main.m; sourceTree = "<group>"; };
		ED463E2D1D4A025100D77DE4 /* AppDelegate.h */ = {isa = PBXFileReference; lastKnownFileType = sourcecode.c.h; path = AppDelegate.h; sourceTree = "<group>"; };
		ED463E2E1D4A025100D77DE4 /* AppDelegate.m */ = {isa = PBXFileReference; lastKnownFileType = sourcecode.c.objc; path = AppDelegate.m; sourceTree = "<group>"; };
		ED463E301D4A025100D77DE4 /* ViewController.h */ = {isa = PBXFileReference; lastKnownFileType = sourcecode.c.h; path = ViewController.h; sourceTree = "<group>"; };
		ED463E311D4A025100D77DE4 /* ViewController.m */ = {isa = PBXFileReference; lastKnownFileType = sourcecode.c.objc; path = ViewController.m; sourceTree = "<group>"; };
		ED463E341D4A025100D77DE4 /* Base */ = {isa = PBXFileReference; lastKnownFileType = file.storyboard; name = Base; path = Base.lproj/Main.storyboard; sourceTree = "<group>"; };
		ED463E361D4A025100D77DE4 /* Assets.xcassets */ = {isa = PBXFileReference; lastKnownFileType = folder.assetcatalog; path = Assets.xcassets; sourceTree = "<group>"; };
		ED463E391D4A025100D77DE4 /* Base */ = {isa = PBXFileReference; lastKnownFileType = file.storyboard; name = Base; path = Base.lproj/LaunchScreen.storyboard; sourceTree = "<group>"; };
		ED463E3B1D4A025100D77DE4 /* Info.plist */ = {isa = PBXFileReference; lastKnownFileType = text.plist.xml; path = Info.plist; sourceTree = "<group>"; };
		ED463E411D4A0A7000D77DE4 /* AVFoundation.framework */ = {isa = PBXFileReference; lastKnownFileType = wrapper.framework; name = AVFoundation.framework; path = System/Library/Frameworks/AVFoundation.framework; sourceTree = SDKROOT; };
		ED463E4F1D4B221D00D77DE4 /* PublicDefine.h */ = {isa = PBXFileReference; lastKnownFileType = sourcecode.c.h; path = PublicDefine.h; sourceTree = "<group>"; };
		ED463E5B1D4B37D000D77DE4 /* VideoToolbox.framework */ = {isa = PBXFileReference; lastKnownFileType = wrapper.framework; name = VideoToolbox.framework; path = System/Library/Frameworks/VideoToolbox.framework; sourceTree = SDKROOT; };
		ED463E601D4B3D8000D77DE4 /* config.h */ = {isa = PBXFileReference; fileEncoding = 4; lastKnownFileType = sourcecode.c.h; path = config.h; sourceTree = "<group>"; };
		ED463E621D4B3D8000D77DE4 /* AAPLEAGLLayer.h */ = {isa = PBXFileReference; fileEncoding = 4; lastKnownFileType = sourcecode.c.h; path = AAPLEAGLLayer.h; sourceTree = "<group>"; };
		ED463E631D4B3D8000D77DE4 /* AAPLEAGLLayer.m */ = {isa = PBXFileReference; fileEncoding = 4; lastKnownFileType = sourcecode.c.objc; path = AAPLEAGLLayer.m; sourceTree = "<group>"; };
		ED463E641D4B3D8000D77DE4 /* H264HwDecoderImpl.h */ = {isa = PBXFileReference; fileEncoding = 4; lastKnownFileType = sourcecode.c.h; path = H264HwDecoderImpl.h; sourceTree = "<group>"; };
		ED463E651D4B3D8000D77DE4 /* H264HwDecoderImpl.m */ = {isa = PBXFileReference; fileEncoding = 4; lastKnownFileType = sourcecode.c.objc; path = H264HwDecoderImpl.m; sourceTree = "<group>"; };
		ED463E661D4B3D8000D77DE4 /* H264HwEncoderImpl.h */ = {isa = PBXFileReference; fileEncoding = 4; lastKnownFileType = sourcecode.c.h; path = H264HwEncoderImpl.h; sourceTree = "<group>"; };
		ED463E671D4B3D8000D77DE4 /* H264HwEncoderImpl.m */ = {isa = PBXFileReference; fileEncoding = 4; lastKnownFileType = sourcecode.c.objc; path = H264HwEncoderImpl.m; sourceTree = "<group>"; };
		ED463E6C1D4B3DC000D77DE4 /* AVCaptureManager.h */ = {isa = PBXFileReference; fileEncoding = 4; lastKnownFileType = sourcecode.c.h; path = AVCaptureManager.h; sourceTree = "<group>"; };
		ED463E6D1D4B3DC000D77DE4 /* AVCaptureManager.m */ = {isa = PBXFileReference; fileEncoding = 4; lastKnownFileType = sourcecode.c.objc; path = AVCaptureManager.m; sourceTree = "<group>"; };
		ED463E721D4B3E0600D77DE4 /* AudioToolbox.framework */ = {isa = PBXFileReference; lastKnownFileType = wrapper.framework; name = AudioToolbox.framework; path = System/Library/Frameworks/AudioToolbox.framework; sourceTree = SDKROOT; };
		ED574E8B1D504F80009ED54F /* amf.h */ = {isa = PBXFileReference; fileEncoding = 4; lastKnownFileType = sourcecode.c.h; path = amf.h; sourceTree = "<group>"; };
		ED574E8C1D504F80009ED54F /* http.h */ = {isa = PBXFileReference; fileEncoding = 4; lastKnownFileType = sourcecode.c.h; path = http.h; sourceTree = "<group>"; };
		ED574E8D1D504F80009ED54F /* log.h */ = {isa = PBXFileReference; fileEncoding = 4; lastKnownFileType = sourcecode.c.h; path = log.h; sourceTree = "<group>"; };
		ED574E8E1D504F80009ED54F /* rtmp.h */ = {isa = PBXFileReference; fileEncoding = 4; lastKnownFileType = sourcecode.c.h; path = rtmp.h; sourceTree = "<group>"; };
		ED574E901D504F80009ED54F /* aes.h */ = {isa = PBXFileReference; fileEncoding = 4; lastKnownFileType = sourcecode.c.h; path = aes.h; sourceTree = "<group>"; };
		ED574E911D504F80009ED54F /* asn1.h */ = {isa = PBXFileReference; fileEncoding = 4; lastKnownFileType = sourcecode.c.h; path = asn1.h; sourceTree = "<group>"; };
		ED574E921D504F80009ED54F /* asn1_mac.h */ = {isa = PBXFileReference; fileEncoding = 4; lastKnownFileType = sourcecode.c.h; path = asn1_mac.h; sourceTree = "<group>"; };
		ED574E931D504F80009ED54F /* asn1t.h */ = {isa = PBXFileReference; fileEncoding = 4; lastKnownFileType = sourcecode.c.h; path = asn1t.h; sourceTree = "<group>"; };
		ED574E941D504F80009ED54F /* bio.h */ = {isa = PBXFileReference; fileEncoding = 4; lastKnownFileType = sourcecode.c.h; path = bio.h; sourceTree = "<group>"; };
		ED574E951D504F80009ED54F /* blowfish.h */ = {isa = PBXFileReference; fileEncoding = 4; lastKnownFileType = sourcecode.c.h; path = blowfish.h; sourceTree = "<group>"; };
		ED574E961D504F80009ED54F /* bn.h */ = {isa = PBXFileReference; fileEncoding = 4; lastKnownFileType = sourcecode.c.h; path = bn.h; sourceTree = "<group>"; };
		ED574E971D504F80009ED54F /* buffer.h */ = {isa = PBXFileReference; fileEncoding = 4; lastKnownFileType = sourcecode.c.h; path = buffer.h; sourceTree = "<group>"; };
		ED574E981D504F80009ED54F /* camellia.h */ = {isa = PBXFileReference; fileEncoding = 4; lastKnownFileType = sourcecode.c.h; path = camellia.h; sourceTree = "<group>"; };
		ED574E991D504F80009ED54F /* cast.h */ = {isa = PBXFileReference; fileEncoding = 4; lastKnownFileType = sourcecode.c.h; path = cast.h; sourceTree = "<group>"; };
		ED574E9A1D504F80009ED54F /* cmac.h */ = {isa = PBXFileReference; fileEncoding = 4; lastKnownFileType = sourcecode.c.h; path = cmac.h; sourceTree = "<group>"; };
		ED574E9B1D504F80009ED54F /* cms.h */ = {isa = PBXFileReference; fileEncoding = 4; lastKnownFileType = sourcecode.c.h; path = cms.h; sourceTree = "<group>"; };
		ED574E9C1D504F80009ED54F /* comp.h */ = {isa = PBXFileReference; fileEncoding = 4; lastKnownFileType = sourcecode.c.h; path = comp.h; sourceTree = "<group>"; };
		ED574E9D1D504F80009ED54F /* conf.h */ = {isa = PBXFileReference; fileEncoding = 4; lastKnownFileType = sourcecode.c.h; path = conf.h; sourceTree = "<group>"; };
		ED574E9E1D504F80009ED54F /* conf_api.h */ = {isa = PBXFileReference; fileEncoding = 4; lastKnownFileType = sourcecode.c.h; path = conf_api.h; sourceTree = "<group>"; };
		ED574E9F1D504F80009ED54F /* crypto.h */ = {isa = PBXFileReference; fileEncoding = 4; lastKnownFileType = sourcecode.c.h; path = crypto.h; sourceTree = "<group>"; };
		ED574EA01D504F80009ED54F /* des.h */ = {isa = PBXFileReference; fileEncoding = 4; lastKnownFileType = sourcecode.c.h; path = des.h; sourceTree = "<group>"; };
		ED574EA11D504F80009ED54F /* des_old.h */ = {isa = PBXFileReference; fileEncoding = 4; lastKnownFileType = sourcecode.c.h; path = des_old.h; sourceTree = "<group>"; };
		ED574EA21D504F80009ED54F /* dh.h */ = {isa = PBXFileReference; fileEncoding = 4; lastKnownFileType = sourcecode.c.h; path = dh.h; sourceTree = "<group>"; };
		ED574EA31D504F80009ED54F /* dsa.h */ = {isa = PBXFileReference; fileEncoding = 4; lastKnownFileType = sourcecode.c.h; path = dsa.h; sourceTree = "<group>"; };
		ED574EA41D504F80009ED54F /* dso.h */ = {isa = PBXFileReference; fileEncoding = 4; lastKnownFileType = sourcecode.c.h; path = dso.h; sourceTree = "<group>"; };
		ED574EA51D504F80009ED54F /* dtls1.h */ = {isa = PBXFileReference; fileEncoding = 4; lastKnownFileType = sourcecode.c.h; path = dtls1.h; sourceTree = "<group>"; };
		ED574EA61D504F80009ED54F /* e_os2.h */ = {isa = PBXFileReference; fileEncoding = 4; lastKnownFileType = sourcecode.c.h; path = e_os2.h; sourceTree = "<group>"; };
		ED574EA71D504F80009ED54F /* ebcdic.h */ = {isa = PBXFileReference; fileEncoding = 4; lastKnownFileType = sourcecode.c.h; path = ebcdic.h; sourceTree = "<group>"; };
		ED574EA81D504F80009ED54F /* ec.h */ = {isa = PBXFileReference; fileEncoding = 4; lastKnownFileType = sourcecode.c.h; path = ec.h; sourceTree = "<group>"; };
		ED574EA91D504F80009ED54F /* ecdh.h */ = {isa = PBXFileReference; fileEncoding = 4; lastKnownFileType = sourcecode.c.h; path = ecdh.h; sourceTree = "<group>"; };
		ED574EAA1D504F80009ED54F /* ecdsa.h */ = {isa = PBXFileReference; fileEncoding = 4; lastKnownFileType = sourcecode.c.h; path = ecdsa.h; sourceTree = "<group>"; };
		ED574EAB1D504F80009ED54F /* engine.h */ = {isa = PBXFileReference; fileEncoding = 4; lastKnownFileType = sourcecode.c.h; path = engine.h; sourceTree = "<group>"; };
		ED574EAC1D504F80009ED54F /* err.h */ = {isa = PBXFileReference; fileEncoding = 4; lastKnownFileType = sourcecode.c.h; path = err.h; sourceTree = "<group>"; };
		ED574EAD1D504F80009ED54F /* evp.h */ = {isa = PBXFileReference; fileEncoding = 4; lastKnownFileType = sourcecode.c.h; path = evp.h; sourceTree = "<group>"; };
		ED574EAE1D504F80009ED54F /* hmac.h */ = {isa = PBXFileReference; fileEncoding = 4; lastKnownFileType = sourcecode.c.h; path = hmac.h; sourceTree = "<group>"; };
		ED574EAF1D504F80009ED54F /* idea.h */ = {isa = PBXFileReference; fileEncoding = 4; lastKnownFileType = sourcecode.c.h; path = idea.h; sourceTree = "<group>"; };
		ED574EB01D504F80009ED54F /* krb5_asn.h */ = {isa = PBXFileReference; fileEncoding = 4; lastKnownFileType = sourcecode.c.h; path = krb5_asn.h; sourceTree = "<group>"; };
		ED574EB11D504F80009ED54F /* kssl.h */ = {isa = PBXFileReference; fileEncoding = 4; lastKnownFileType = sourcecode.c.h; path = kssl.h; sourceTree = "<group>"; };
		ED574EB21D504F80009ED54F /* lhash.h */ = {isa = PBXFileReference; fileEncoding = 4; lastKnownFileType = sourcecode.c.h; path = lhash.h; sourceTree = "<group>"; };
		ED574EB31D504F80009ED54F /* md4.h */ = {isa = PBXFileReference; fileEncoding = 4; lastKnownFileType = sourcecode.c.h; path = md4.h; sourceTree = "<group>"; };
		ED574EB41D504F80009ED54F /* md5.h */ = {isa = PBXFileReference; fileEncoding = 4; lastKnownFileType = sourcecode.c.h; path = md5.h; sourceTree = "<group>"; };
		ED574EB51D504F80009ED54F /* mdc2.h */ = {isa = PBXFileReference; fileEncoding = 4; lastKnownFileType = sourcecode.c.h; path = mdc2.h; sourceTree = "<group>"; };
		ED574EB61D504F80009ED54F /* modes.h */ = {isa = PBXFileReference; fileEncoding = 4; lastKnownFileType = sourcecode.c.h; path = modes.h; sourceTree = "<group>"; };
		ED574EB71D504F80009ED54F /* obj_mac.h */ = {isa = PBXFileReference; fileEncoding = 4; lastKnownFileType = sourcecode.c.h; path = obj_mac.h; sourceTree = "<group>"; };
		ED574EB81D504F80009ED54F /* objects.h */ = {isa = PBXFileReference; fileEncoding = 4; lastKnownFileType = sourcecode.c.h; path = objects.h; sourceTree = "<group>"; };
		ED574EB91D504F80009ED54F /* ocsp.h */ = {isa = PBXFileReference; fileEncoding = 4; lastKnownFileType = sourcecode.c.h; path = ocsp.h; sourceTree = "<group>"; };
		ED574EBA1D504F80009ED54F /* opensslconf.h */ = {isa = PBXFileReference; fileEncoding = 4; lastKnownFileType = sourcecode.c.h; path = opensslconf.h; sourceTree = "<group>"; };
		ED574EBB1D504F80009ED54F /* opensslv.h */ = {isa = PBXFileReference; fileEncoding = 4; lastKnownFileType = sourcecode.c.h; path = opensslv.h; sourceTree = "<group>"; };
		ED574EBC1D504F80009ED54F /* ossl_typ.h */ = {isa = PBXFileReference; fileEncoding = 4; lastKnownFileType = sourcecode.c.h; path = ossl_typ.h; sourceTree = "<group>"; };
		ED574EBD1D504F80009ED54F /* pem.h */ = {isa = PBXFileReference; fileEncoding = 4; lastKnownFileType = sourcecode.c.h; path = pem.h; sourceTree = "<group>"; };
		ED574EBE1D504F80009ED54F /* pem2.h */ = {isa = PBXFileReference; fileEncoding = 4; lastKnownFileType = sourcecode.c.h; path = pem2.h; sourceTree = "<group>"; };
		ED574EBF1D504F80009ED54F /* pkcs12.h */ = {isa = PBXFileReference; fileEncoding = 4; lastKnownFileType = sourcecode.c.h; path = pkcs12.h; sourceTree = "<group>"; };
		ED574EC01D504F80009ED54F /* pkcs7.h */ = {isa = PBXFileReference; fileEncoding = 4; lastKnownFileType = sourcecode.c.h; path = pkcs7.h; sourceTree = "<group>"; };
		ED574EC11D504F80009ED54F /* pqueue.h */ = {isa = PBXFileReference; fileEncoding = 4; lastKnownFileType = sourcecode.c.h; path = pqueue.h; sourceTree = "<group>"; };
		ED574EC21D504F80009ED54F /* rand.h */ = {isa = PBXFileReference; fileEncoding = 4; lastKnownFileType = sourcecode.c.h; path = rand.h; sourceTree = "<group>"; };
		ED574EC31D504F80009ED54F /* rc2.h */ = {isa = PBXFileReference; fileEncoding = 4; lastKnownFileType = sourcecode.c.h; path = rc2.h; sourceTree = "<group>"; };
		ED574EC41D504F80009ED54F /* rc4.h */ = {isa = PBXFileReference; fileEncoding = 4; lastKnownFileType = sourcecode.c.h; path = rc4.h; sourceTree = "<group>"; };
		ED574EC51D504F80009ED54F /* ripemd.h */ = {isa = PBXFileReference; fileEncoding = 4; lastKnownFileType = sourcecode.c.h; path = ripemd.h; sourceTree = "<group>"; };
		ED574EC61D504F80009ED54F /* rsa.h */ = {isa = PBXFileReference; fileEncoding = 4; lastKnownFileType = sourcecode.c.h; path = rsa.h; sourceTree = "<group>"; };
		ED574EC71D504F81009ED54F /* safestack.h */ = {isa = PBXFileReference; fileEncoding = 4; lastKnownFileType = sourcecode.c.h; path = safestack.h; sourceTree = "<group>"; };
		ED574EC81D504F81009ED54F /* seed.h */ = {isa = PBXFileReference; fileEncoding = 4; lastKnownFileType = sourcecode.c.h; path = seed.h; sourceTree = "<group>"; };
		ED574EC91D504F81009ED54F /* sha.h */ = {isa = PBXFileReference; fileEncoding = 4; lastKnownFileType = sourcecode.c.h; path = sha.h; sourceTree = "<group>"; };
		ED574ECA1D504F81009ED54F /* srp.h */ = {isa = PBXFileReference; fileEncoding = 4; lastKnownFileType = sourcecode.c.h; path = srp.h; sourceTree = "<group>"; };
		ED574ECB1D504F81009ED54F /* srtp.h */ = {isa = PBXFileReference; fileEncoding = 4; lastKnownFileType = sourcecode.c.h; path = srtp.h; sourceTree = "<group>"; };
		ED574ECC1D504F81009ED54F /* ssl.h */ = {isa = PBXFileReference; fileEncoding = 4; lastKnownFileType = sourcecode.c.h; path = ssl.h; sourceTree = "<group>"; };
		ED574ECD1D504F81009ED54F /* ssl2.h */ = {isa = PBXFileReference; fileEncoding = 4; lastKnownFileType = sourcecode.c.h; path = ssl2.h; sourceTree = "<group>"; };
		ED574ECE1D504F81009ED54F /* ssl23.h */ = {isa = PBXFileReference; fileEncoding = 4; lastKnownFileType = sourcecode.c.h; path = ssl23.h; sourceTree = "<group>"; };
		ED574ECF1D504F81009ED54F /* ssl3.h */ = {isa = PBXFileReference; fileEncoding = 4; lastKnownFileType = sourcecode.c.h; path = ssl3.h; sourceTree = "<group>"; };
		ED574ED01D504F81009ED54F /* stack.h */ = {isa = PBXFileReference; fileEncoding = 4; lastKnownFileType = sourcecode.c.h; path = stack.h; sourceTree = "<group>"; };
		ED574ED11D504F81009ED54F /* symhacks.h */ = {isa = PBXFileReference; fileEncoding = 4; lastKnownFileType = sourcecode.c.h; path = symhacks.h; sourceTree = "<group>"; };
		ED574ED21D504F81009ED54F /* tls1.h */ = {isa = PBXFileReference; fileEncoding = 4; lastKnownFileType = sourcecode.c.h; path = tls1.h; sourceTree = "<group>"; };
		ED574ED31D504F81009ED54F /* ts.h */ = {isa = PBXFileReference; fileEncoding = 4; lastKnownFileType = sourcecode.c.h; path = ts.h; sourceTree = "<group>"; };
		ED574ED41D504F81009ED54F /* txt_db.h */ = {isa = PBXFileReference; fileEncoding = 4; lastKnownFileType = sourcecode.c.h; path = txt_db.h; sourceTree = "<group>"; };
		ED574ED51D504F81009ED54F /* ui.h */ = {isa = PBXFileReference; fileEncoding = 4; lastKnownFileType = sourcecode.c.h; path = ui.h; sourceTree = "<group>"; };
		ED574ED61D504F81009ED54F /* ui_compat.h */ = {isa = PBXFileReference; fileEncoding = 4; lastKnownFileType = sourcecode.c.h; path = ui_compat.h; sourceTree = "<group>"; };
		ED574ED71D504F81009ED54F /* whrlpool.h */ = {isa = PBXFileReference; fileEncoding = 4; lastKnownFileType = sourcecode.c.h; path = whrlpool.h; sourceTree = "<group>"; };
		ED574ED81D504F81009ED54F /* x509.h */ = {isa = PBXFileReference; fileEncoding = 4; lastKnownFileType = sourcecode.c.h; path = x509.h; sourceTree = "<group>"; };
		ED574ED91D504F81009ED54F /* x509_vfy.h */ = {isa = PBXFileReference; fileEncoding = 4; lastKnownFileType = sourcecode.c.h; path = x509_vfy.h; sourceTree = "<group>"; };
		ED574EDA1D504F81009ED54F /* x509v3.h */ = {isa = PBXFileReference; fileEncoding = 4; lastKnownFileType = sourcecode.c.h; path = x509v3.h; sourceTree = "<group>"; };
		ED574EDC1D504F81009ED54F /* libcrypto.a */ = {isa = PBXFileReference; lastKnownFileType = archive.ar; path = libcrypto.a; sourceTree = "<group>"; };
		ED574EDE1D504F81009ED54F /* libssl.a */ = {isa = PBXFileReference; lastKnownFileType = archive.ar; path = libssl.a; sourceTree = "<group>"; };
		ED574EF41D507851009ED54F /* librtmp.a */ = {isa = PBXFileReference; lastKnownFileType = archive.ar; path = librtmp.a; sourceTree = "<group>"; };
		ED574EF81D507A08009ED54F /* faac.h */ = {isa = PBXFileReference; fileEncoding = 4; lastKnownFileType = sourcecode.c.h; path = faac.h; sourceTree = "<group>"; };
		ED574EF91D507A08009ED54F /* faaccfg.h */ = {isa = PBXFileReference; fileEncoding = 4; lastKnownFileType = sourcecode.c.h; path = faaccfg.h; sourceTree = "<group>"; };
		ED574EFA1D507A08009ED54F /* libfaac.a */ = {isa = PBXFileReference; lastKnownFileType = archive.ar; path = libfaac.a; sourceTree = "<group>"; };
		ED574EFC1D507A44009ED54F /* AudioManager.h */ = {isa = PBXFileReference; fileEncoding = 4; lastKnownFileType = sourcecode.c.h; path = AudioManager.h; sourceTree = "<group>"; };
		ED574EFD1D507A44009ED54F /* AudioManager.m */ = {isa = PBXFileReference; fileEncoding = 4; lastKnownFileType = sourcecode.c.objc; path = AudioManager.m; sourceTree = "<group>"; };
		ED574EFE1D507A44009ED54F /* rtmpManager.h */ = {isa = PBXFileReference; fileEncoding = 4; lastKnownFileType = sourcecode.c.h; path = rtmpManager.h; sourceTree = "<group>"; };
		ED574EFF1D507A44009ED54F /* rtmpManager.m */ = {isa = PBXFileReference; fileEncoding = 4; lastKnownFileType = sourcecode.c.objc; path = rtmpManager.m; sourceTree = "<group>"; };
		ED574F021D507AE2009ED54F /* libz.tbd */ = {isa = PBXFileReference; lastKnownFileType = "sourcecode.text-based-dylib-definition"; name = libz.tbd; path = usr/lib/libz.tbd; sourceTree = SDKROOT; };
/* End PBXFileReference section */

/* Begin PBXFrameworksBuildPhase section */
		ED463E241D4A025100D77DE4 /* Frameworks */ = {
			isa = PBXFrameworksBuildPhase;
			buildActionMask = 2147483647;
			files = (
				ED574F031D507AE2009ED54F /* libz.tbd in Frameworks */,
				ED463E731D4B3E0600D77DE4 /* AudioToolbox.framework in Frameworks */,
				ED463E5C1D4B37D000D77DE4 /* VideoToolbox.framework in Frameworks */,
				ED574EEB1D504F81009ED54F /* libcrypto.a in Frameworks */,
				ED463E421D4A0A7000D77DE4 /* AVFoundation.framework in Frameworks */,
				ED574EF51D507851009ED54F /* librtmp.a in Frameworks */,
				ED574EFB1D507A08009ED54F /* libfaac.a in Frameworks */,
				ED574EED1D504F81009ED54F /* libssl.a in Frameworks */,
			);
			runOnlyForDeploymentPostprocessing = 0;
		};
/* End PBXFrameworksBuildPhase section */

/* Begin PBXGroup section */
		ED463E1E1D4A025100D77DE4 = {
			isa = PBXGroup;
			children = (
				ED574F021D507AE2009ED54F /* libz.tbd */,
				ED463E291D4A025100D77DE4 /* RTMPDemo */,
				ED463E281D4A025100D77DE4 /* Products */,
			);
			sourceTree = "<group>";
		};
		ED463E281D4A025100D77DE4 /* Products */ = {
			isa = PBXGroup;
			children = (
				ED463E271D4A025100D77DE4 /* RTMPDemo.app */,
			);
			name = Products;
			sourceTree = "<group>";
		};
		ED463E291D4A025100D77DE4 /* RTMPDemo */ = {
			isa = PBXGroup;
			children = (
				ED574E651D504F80009ED54F /* librtmp */,
				ED463E611D4B3D8000D77DE4 /* H264lib */,
				ED574EF61D507A08009ED54F /* AAC */,
				ED463E601D4B3D8000D77DE4 /* config.h */,
				ED463E6B1D4B3DC000D77DE4 /* AVCapture */,
				ED574EFC1D507A44009ED54F /* AudioManager.h */,
				ED574EFD1D507A44009ED54F /* AudioManager.m */,
				ED574EFE1D507A44009ED54F /* rtmpManager.h */,
				ED574EFF1D507A44009ED54F /* rtmpManager.m */,
				ED463E2D1D4A025100D77DE4 /* AppDelegate.h */,
				ED463E2E1D4A025100D77DE4 /* AppDelegate.m */,
				ED463E301D4A025100D77DE4 /* ViewController.h */,
				ED463E311D4A025100D77DE4 /* ViewController.m */,
				ED463E331D4A025100D77DE4 /* Main.storyboard */,
				ED463E4F1D4B221D00D77DE4 /* PublicDefine.h */,
				ED463E361D4A025100D77DE4 /* Assets.xcassets */,
				ED463E381D4A025100D77DE4 /* LaunchScreen.storyboard */,
				ED463E3B1D4A025100D77DE4 /* Info.plist */,
				ED463E741D4B3E2F00D77DE4 /* Frameworks */,
				ED463E2A1D4A025100D77DE4 /* Supporting Files */,
			);
			path = RTMPDemo;
			sourceTree = "<group>";
		};
		ED463E2A1D4A025100D77DE4 /* Supporting Files */ = {
			isa = PBXGroup;
			children = (
				ED463E2B1D4A025100D77DE4 /* main.m */,
			);
			name = "Supporting Files";
			sourceTree = "<group>";
		};
		ED463E611D4B3D8000D77DE4 /* H264lib */ = {
			isa = PBXGroup;
			children = (
				ED463E621D4B3D8000D77DE4 /* AAPLEAGLLayer.h */,
				ED463E631D4B3D8000D77DE4 /* AAPLEAGLLayer.m */,
				ED463E641D4B3D8000D77DE4 /* H264HwDecoderImpl.h */,
				ED463E651D4B3D8000D77DE4 /* H264HwDecoderImpl.m */,
				ED463E661D4B3D8000D77DE4 /* H264HwEncoderImpl.h */,
				ED463E671D4B3D8000D77DE4 /* H264HwEncoderImpl.m */,
			);
			path = H264lib;
			sourceTree = "<group>";
		};
		ED463E6B1D4B3DC000D77DE4 /* AVCapture */ = {
			isa = PBXGroup;
			children = (
				ED463E6C1D4B3DC000D77DE4 /* AVCaptureManager.h */,
				ED463E6D1D4B3DC000D77DE4 /* AVCaptureManager.m */,
			);
			path = AVCapture;
			sourceTree = "<group>";
		};
		ED463E741D4B3E2F00D77DE4 /* Frameworks */ = {
			isa = PBXGroup;
			children = (
				ED463E721D4B3E0600D77DE4 /* AudioToolbox.framework */,
				ED463E5B1D4B37D000D77DE4 /* VideoToolbox.framework */,
				ED463E411D4A0A7000D77DE4 /* AVFoundation.framework */,
			);
			path = Frameworks;
			sourceTree = "<group>";
		};
		ED574E651D504F80009ED54F /* librtmp */ = {
			isa = PBXGroup;
			children = (
				ED574E891D504F80009ED54F /* include */,
				ED574EDB1D504F81009ED54F /* lib */,
			);
			path = librtmp;
			sourceTree = "<group>";
		};
		ED574E891D504F80009ED54F /* include */ = {
			isa = PBXGroup;
			children = (
				ED574E8A1D504F80009ED54F /* librtmp */,
				ED574E8F1D504F80009ED54F /* openssl */,
			);
			path = include;
			sourceTree = "<group>";
		};
		ED574E8A1D504F80009ED54F /* librtmp */ = {
			isa = PBXGroup;
			children = (
				ED574E8B1D504F80009ED54F /* amf.h */,
				ED574E8C1D504F80009ED54F /* http.h */,
				ED574E8D1D504F80009ED54F /* log.h */,
				ED574E8E1D504F80009ED54F /* rtmp.h */,
			);
			path = librtmp;
			sourceTree = "<group>";
		};
		ED574E8F1D504F80009ED54F /* openssl */ = {
			isa = PBXGroup;
			children = (
				ED574E901D504F80009ED54F /* aes.h */,
				ED574E911D504F80009ED54F /* asn1.h */,
				ED574E921D504F80009ED54F /* asn1_mac.h */,
				ED574E931D504F80009ED54F /* asn1t.h */,
				ED574E941D504F80009ED54F /* bio.h */,
				ED574E951D504F80009ED54F /* blowfish.h */,
				ED574E961D504F80009ED54F /* bn.h */,
				ED574E971D504F80009ED54F /* buffer.h */,
				ED574E981D504F80009ED54F /* camellia.h */,
				ED574E991D504F80009ED54F /* cast.h */,
				ED574E9A1D504F80009ED54F /* cmac.h */,
				ED574E9B1D504F80009ED54F /* cms.h */,
				ED574E9C1D504F80009ED54F /* comp.h */,
				ED574E9D1D504F80009ED54F /* conf.h */,
				ED574E9E1D504F80009ED54F /* conf_api.h */,
				ED574E9F1D504F80009ED54F /* crypto.h */,
				ED574EA01D504F80009ED54F /* des.h */,
				ED574EA11D504F80009ED54F /* des_old.h */,
				ED574EA21D504F80009ED54F /* dh.h */,
				ED574EA31D504F80009ED54F /* dsa.h */,
				ED574EA41D504F80009ED54F /* dso.h */,
				ED574EA51D504F80009ED54F /* dtls1.h */,
				ED574EA61D504F80009ED54F /* e_os2.h */,
				ED574EA71D504F80009ED54F /* ebcdic.h */,
				ED574EA81D504F80009ED54F /* ec.h */,
				ED574EA91D504F80009ED54F /* ecdh.h */,
				ED574EAA1D504F80009ED54F /* ecdsa.h */,
				ED574EAB1D504F80009ED54F /* engine.h */,
				ED574EAC1D504F80009ED54F /* err.h */,
				ED574EAD1D504F80009ED54F /* evp.h */,
				ED574EAE1D504F80009ED54F /* hmac.h */,
				ED574EAF1D504F80009ED54F /* idea.h */,
				ED574EB01D504F80009ED54F /* krb5_asn.h */,
				ED574EB11D504F80009ED54F /* kssl.h */,
				ED574EB21D504F80009ED54F /* lhash.h */,
				ED574EB31D504F80009ED54F /* md4.h */,
				ED574EB41D504F80009ED54F /* md5.h */,
				ED574EB51D504F80009ED54F /* mdc2.h */,
				ED574EB61D504F80009ED54F /* modes.h */,
				ED574EB71D504F80009ED54F /* obj_mac.h */,
				ED574EB81D504F80009ED54F /* objects.h */,
				ED574EB91D504F80009ED54F /* ocsp.h */,
				ED574EBA1D504F80009ED54F /* opensslconf.h */,
				ED574EBB1D504F80009ED54F /* opensslv.h */,
				ED574EBC1D504F80009ED54F /* ossl_typ.h */,
				ED574EBD1D504F80009ED54F /* pem.h */,
				ED574EBE1D504F80009ED54F /* pem2.h */,
				ED574EBF1D504F80009ED54F /* pkcs12.h */,
				ED574EC01D504F80009ED54F /* pkcs7.h */,
				ED574EC11D504F80009ED54F /* pqueue.h */,
				ED574EC21D504F80009ED54F /* rand.h */,
				ED574EC31D504F80009ED54F /* rc2.h */,
				ED574EC41D504F80009ED54F /* rc4.h */,
				ED574EC51D504F80009ED54F /* ripemd.h */,
				ED574EC61D504F80009ED54F /* rsa.h */,
				ED574EC71D504F81009ED54F /* safestack.h */,
				ED574EC81D504F81009ED54F /* seed.h */,
				ED574EC91D504F81009ED54F /* sha.h */,
				ED574ECA1D504F81009ED54F /* srp.h */,
				ED574ECB1D504F81009ED54F /* srtp.h */,
				ED574ECC1D504F81009ED54F /* ssl.h */,
				ED574ECD1D504F81009ED54F /* ssl2.h */,
				ED574ECE1D504F81009ED54F /* ssl23.h */,
				ED574ECF1D504F81009ED54F /* ssl3.h */,
				ED574ED01D504F81009ED54F /* stack.h */,
				ED574ED11D504F81009ED54F /* symhacks.h */,
				ED574ED21D504F81009ED54F /* tls1.h */,
				ED574ED31D504F81009ED54F /* ts.h */,
				ED574ED41D504F81009ED54F /* txt_db.h */,
				ED574ED51D504F81009ED54F /* ui.h */,
				ED574ED61D504F81009ED54F /* ui_compat.h */,
				ED574ED71D504F81009ED54F /* whrlpool.h */,
				ED574ED81D504F81009ED54F /* x509.h */,
				ED574ED91D504F81009ED54F /* x509_vfy.h */,
				ED574EDA1D504F81009ED54F /* x509v3.h */,
			);
			path = openssl;
			sourceTree = "<group>";
		};
		ED574EDB1D504F81009ED54F /* lib */ = {
			isa = PBXGroup;
			children = (
				ED574EDC1D504F81009ED54F /* libcrypto.a */,
				ED574EDE1D504F81009ED54F /* libssl.a */,
				ED574EF41D507851009ED54F /* librtmp.a */,
			);
			path = lib;
			sourceTree = "<group>";
		};
		ED574EF61D507A08009ED54F /* AAC */ = {
			isa = PBXGroup;
			children = (
				ED574EF71D507A08009ED54F /* include */,
				ED574EFA1D507A08009ED54F /* libfaac.a */,
			);
			path = AAC;
			sourceTree = "<group>";
		};
		ED574EF71D507A08009ED54F /* include */ = {
			isa = PBXGroup;
			children = (
				ED574EF81D507A08009ED54F /* faac.h */,
				ED574EF91D507A08009ED54F /* faaccfg.h */,
			);
			path = include;
			sourceTree = "<group>";
		};
/* End PBXGroup section */

/* Begin PBXNativeTarget section */
		ED463E261D4A025100D77DE4 /* RTMPDemo */ = {
			isa = PBXNativeTarget;
			buildConfigurationList = ED463E3E1D4A025100D77DE4 /* Build configuration list for PBXNativeTarget "RTMPDemo" */;
			buildPhases = (
				ED463E231D4A025100D77DE4 /* Sources */,
				ED463E241D4A025100D77DE4 /* Frameworks */,
				ED463E251D4A025100D77DE4 /* Resources */,
			);
			buildRules = (
			);
			dependencies = (
			);
			name = RTMPDemo;
			productName = RTMPDemo;
			productReference = ED463E271D4A025100D77DE4 /* RTMPDemo.app */;
			productType = "com.apple.product-type.application";
		};
/* End PBXNativeTarget section */

/* Begin PBXProject section */
		ED463E1F1D4A025100D77DE4 /* Project object */ = {
			isa = PBXProject;
			attributes = {
				LastUpgradeCheck = 0730;
				ORGANIZATIONNAME = Janven;
				TargetAttributes = {
					ED463E261D4A025100D77DE4 = {
						CreatedOnToolsVersion = 7.3.1;
						DevelopmentTeam = 5U4E6NB59X;
					};
				};
			};
			buildConfigurationList = ED463E221D4A025100D77DE4 /* Build configuration list for PBXProject "RTMPDemo" */;
			compatibilityVersion = "Xcode 3.2";
			developmentRegion = English;
			hasScannedForEncodings = 0;
			knownRegions = (
				en,
				Base,
			);
			mainGroup = ED463E1E1D4A025100D77DE4;
			productRefGroup = ED463E281D4A025100D77DE4 /* Products */;
			projectDirPath = "";
			projectRoot = "";
			targets = (
				ED463E261D4A025100D77DE4 /* RTMPDemo */,
			);
		};
/* End PBXProject section */

/* Begin PBXResourcesBuildPhase section */
		ED463E251D4A025100D77DE4 /* Resources */ = {
			isa = PBXResourcesBuildPhase;
			buildActionMask = 2147483647;
			files = (
				ED463E3A1D4A025100D77DE4 /* LaunchScreen.storyboard in Resources */,
				ED463E371D4A025100D77DE4 /* Assets.xcassets in Resources */,
				ED463E351D4A025100D77DE4 /* Main.storyboard in Resources */,
			);
			runOnlyForDeploymentPostprocessing = 0;
		};
/* End PBXResourcesBuildPhase section */

/* Begin PBXSourcesBuildPhase section */
		ED463E231D4A025100D77DE4 /* Sources */ = {
			isa = PBXSourcesBuildPhase;
			buildActionMask = 2147483647;
			files = (
				ED574F011D507A44009ED54F /* rtmpManager.m in Sources */,
				ED463E681D4B3D8000D77DE4 /* AAPLEAGLLayer.m in Sources */,
				ED463E701D4B3DC000D77DE4 /* AVCaptureManager.m in Sources */,
				ED463E321D4A025100D77DE4 /* ViewController.m in Sources */,
				ED463E2F1D4A025100D77DE4 /* AppDelegate.m in Sources */,
				ED463E6A1D4B3D8000D77DE4 /* H264HwEncoderImpl.m in Sources */,
				ED463E2C1D4A025100D77DE4 /* main.m in Sources */,
				ED574F001D507A44009ED54F /* AudioManager.m in Sources */,
				ED463E691D4B3D8000D77DE4 /* H264HwDecoderImpl.m in Sources */,
			);
			runOnlyForDeploymentPostprocessing = 0;
		};
/* End PBXSourcesBuildPhase section */

/* Begin PBXVariantGroup section */
		ED463E331D4A025100D77DE4 /* Main.storyboard */ = {
			isa = PBXVariantGroup;
			children = (
				ED463E341D4A025100D77DE4 /* Base */,
			);
			name = Main.storyboard;
			sourceTree = "<group>";
		};
		ED463E381D4A025100D77DE4 /* LaunchScreen.storyboard */ = {
			isa = PBXVariantGroup;
			children = (
				ED463E391D4A025100D77DE4 /* Base */,
			);
			name = LaunchScreen.storyboard;
			sourceTree = "<group>";
		};
/* End PBXVariantGroup section */

/* Begin XCBuildConfiguration section */
		ED463E3C1D4A025100D77DE4 /* Debug */ = {
			isa = XCBuildConfiguration;
			buildSettings = {
				ALWAYS_SEARCH_USER_PATHS = NO;
				CLANG_ANALYZER_NONNULL = YES;
				CLANG_CXX_LANGUAGE_STANDARD = "gnu++0x";
				CLANG_CXX_LIBRARY = "libc++";
				CLANG_ENABLE_MODULES = YES;
				CLANG_ENABLE_OBJC_ARC = YES;
				CLANG_WARN_BOOL_CONVERSION = YES;
				CLANG_WARN_CONSTANT_CONVERSION = YES;
				CLANG_WARN_DIRECT_OBJC_ISA_USAGE = YES_ERROR;
				CLANG_WARN_EMPTY_BODY = YES;
				CLANG_WARN_ENUM_CONVERSION = YES;
				CLANG_WARN_INT_CONVERSION = YES;
				CLANG_WARN_OBJC_ROOT_CLASS = YES_ERROR;
				CLANG_WARN_UNREACHABLE_CODE = YES;
				CLANG_WARN__DUPLICATE_METHOD_MATCH = YES;
				"CODE_SIGN_IDENTITY[sdk=iphoneos*]" = "iPhone Developer";
				COPY_PHASE_STRIP = NO;
				DEBUG_INFORMATION_FORMAT = dwarf;
				ENABLE_STRICT_OBJC_MSGSEND = YES;
				ENABLE_TESTABILITY = YES;
				GCC_C_LANGUAGE_STANDARD = gnu99;
				GCC_DYNAMIC_NO_PIC = NO;
				GCC_NO_COMMON_BLOCKS = YES;
				GCC_OPTIMIZATION_LEVEL = 0;
				GCC_PREPROCESSOR_DEFINITIONS = (
					"DEBUG=1",
					"$(inherited)",
				);
				GCC_WARN_64_TO_32_BIT_CONVERSION = YES;
				GCC_WARN_ABOUT_RETURN_TYPE = YES_ERROR;
				GCC_WARN_UNDECLARED_SELECTOR = YES;
				GCC_WARN_UNINITIALIZED_AUTOS = YES_AGGRESSIVE;
				GCC_WARN_UNUSED_FUNCTION = YES;
				GCC_WARN_UNUSED_VARIABLE = YES;
				IPHONEOS_DEPLOYMENT_TARGET = 9.3;
				MTL_ENABLE_DEBUG_INFO = YES;
				ONLY_ACTIVE_ARCH = YES;
				PROVISIONING_PROFILE = "90ca259b-fd4e-41ec-a00b-30fb9d0ecb94";
				SDKROOT = iphoneos;
			};
			name = Debug;
		};
		ED463E3D1D4A025100D77DE4 /* Release */ = {
			isa = XCBuildConfiguration;
			buildSettings = {
				ALWAYS_SEARCH_USER_PATHS = NO;
				CLANG_ANALYZER_NONNULL = YES;
				CLANG_CXX_LANGUAGE_STANDARD = "gnu++0x";
				CLANG_CXX_LIBRARY = "libc++";
				CLANG_ENABLE_MODULES = YES;
				CLANG_ENABLE_OBJC_ARC = YES;
				CLANG_WARN_BOOL_CONVERSION = YES;
				CLANG_WARN_CONSTANT_CONVERSION = YES;
				CLANG_WARN_DIRECT_OBJC_ISA_USAGE = YES_ERROR;
				CLANG_WARN_EMPTY_BODY = YES;
				CLANG_WARN_ENUM_CONVERSION = YES;
				CLANG_WARN_INT_CONVERSION = YES;
				CLANG_WARN_OBJC_ROOT_CLASS = YES_ERROR;
				CLANG_WARN_UNREACHABLE_CODE = YES;
				CLANG_WARN__DUPLICATE_METHOD_MATCH = YES;
				"CODE_SIGN_IDENTITY[sdk=iphoneos*]" = "iPhone Developer";
				COPY_PHASE_STRIP = NO;
				DEBUG_INFORMATION_FORMAT = "dwarf-with-dsym";
				ENABLE_NS_ASSERTIONS = NO;
				ENABLE_STRICT_OBJC_MSGSEND = YES;
				GCC_C_LANGUAGE_STANDARD = gnu99;
				GCC_NO_COMMON_BLOCKS = YES;
				GCC_WARN_64_TO_32_BIT_CONVERSION = YES;
				GCC_WARN_ABOUT_RETURN_TYPE = YES_ERROR;
				GCC_WARN_UNDECLARED_SELECTOR = YES;
				GCC_WARN_UNINITIALIZED_AUTOS = YES_AGGRESSIVE;
				GCC_WARN_UNUSED_FUNCTION = YES;
				GCC_WARN_UNUSED_VARIABLE = YES;
				IPHONEOS_DEPLOYMENT_TARGET = 9.3;
				MTL_ENABLE_DEBUG_INFO = NO;
				SDKROOT = iphoneos;
				VALIDATE_PRODUCT = YES;
			};
			name = Release;
		};
		ED463E3F1D4A025100D77DE4 /* Debug */ = {
			isa = XCBuildConfiguration;
			buildSettings = {
				ASSETCATALOG_COMPILER_APPICON_NAME = AppIcon;
				CODE_SIGN_IDENTITY = "iPhone Developer";
				"CODE_SIGN_IDENTITY[sdk=iphoneos*]" = "iPhone Developer";
				ENABLE_BITCODE = NO;
				INFOPLIST_FILE = RTMPDemo/Info.plist;
				LD_RUNPATH_SEARCH_PATHS = "$(inherited) @executable_path/Frameworks";
				LIBRARY_SEARCH_PATHS = (
					"$(inherited)",
					"$(PROJECT_DIR)/RTMPDemo/librtmp/lib",
					"$(PROJECT_DIR)/RTMPDemo/librtmp",
					"$(PROJECT_DIR)/RTMPDemo",
					"$(PROJECT_DIR)/RTMPDemo/AAC",
				);
				PRODUCT_BUNDLE_IDENTIFIER = com.Demo.RTMPDemo;
				PRODUCT_NAME = "$(TARGET_NAME)";
				PROVISIONING_PROFILE = "";
			};
			name = Debug;
		};
		ED463E401D4A025100D77DE4 /* Release */ = {
			isa = XCBuildConfiguration;
			buildSettings = {
				ASSETCATALOG_COMPILER_APPICON_NAME = AppIcon;
				CODE_SIGN_IDENTITY = "iPhone Developer";
				"CODE_SIGN_IDENTITY[sdk=iphoneos*]" = "iPhone Developer";
				ENABLE_BITCODE = NO;
				INFOPLIST_FILE = RTMPDemo/Info.plist;
				LD_RUNPATH_SEARCH_PATHS = "$(inherited) @executable_path/Frameworks";
				LIBRARY_SEARCH_PATHS = (
					"$(inherited)",
					"$(PROJECT_DIR)/RTMPDemo/librtmp/lib",
					"$(PROJECT_DIR)/RTMPDemo/librtmp",
					"$(PROJECT_DIR)/RTMPDemo",
					"$(PROJECT_DIR)/RTMPDemo/AAC",
				);
				PRODUCT_BUNDLE_IDENTIFIER = com.Demo.RTMPDemo;
				PRODUCT_NAME = "$(TARGET_NAME)";
				PROVISIONING_PROFILE = "";
			};
			name = Release;
		};
/* End XCBuildConfiguration section */

/* Begin XCConfigurationList section */
		ED463E221D4A025100D77DE4 /* Build configuration list for PBXProject "RTMPDemo" */ = {
			isa = XCConfigurationList;
			buildConfigurations = (
				ED463E3C1D4A025100D77DE4 /* Debug */,
				ED463E3D1D4A025100D77DE4 /* Release */,
			);
			defaultConfigurationIsVisible = 0;
			defaultConfigurationName = Release;
		};
		ED463E3E1D4A025100D77DE4 /* Build configuration list for PBXNativeTarget "RTMPDemo" */ = {
			isa = XCConfigurationList;
			buildConfigurations = (
				ED463E3F1D4A025100D77DE4 /* Debug */,
				ED463E401D4A025100D77DE4 /* Release */,
			);
			defaultConfigurationIsVisible = 0;
			defaultConfigurationName = Release;
		};
/* End XCConfigurationList section */
	};
	rootObject = ED463E1F1D4A025100D77DE4 /* Project object */;
}
