// !$*UTF8*$!
{
	archiveVersion = 1;
	classes = {
	};
	objectVersion = 46;
	objects = {

/* Begin PBXBuildFile section */
		ED463E2C1D4A025100D77DE4 /* main.m in Sources */ = {isa = PBXBuildFile; fileRef = ED463E2B1D4A025100D77DE4 /* main.m */; };
		ED463E2F1D4A025100D77DE4 /* AppDelegate.m in Sources */ = {isa = PBXBuildFile; fileRef = ED463E2E1D4A025100D77DE4 /* AppDelegate.m */; };
		ED463E321D4A025100D77DE4 /* ViewController.m in Sources */ = {isa = PBXBuildFile; fileRef = ED463E311D4A025100D77DE4 /* ViewController.m */; };
		ED463E351D4A025100D77DE4 /* Main.storyboard in Resources */ = {isa = PBXBuildFile; fileRef = ED463E331D4A025100D77DE4 /* Main.storyboard */; };
		ED463E371D4A025100D77DE4 /* Assets.xcassets in Resources */ = {isa = PBXBuildFile; fileRef = ED463E361D4A025100D77DE4 /* Assets.xcassets */; };
		ED463E3A1D4A025100D77DE4 /* LaunchScreen.storyboard in Resources */ = {isa = PBXBuildFile; fileRef = ED463E381D4A025100D77DE4 /* LaunchScreen.storyboard */; };
		ED463E421D4A0A7000D77DE4 /* AVFoundation.framework in Frameworks */ = {isa = PBXBuildFile; fileRef = ED463E411D4A0A7000D77DE4 /* AVFoundation.framework */; };
		ED463E4D1D4B21FD00D77DE4 /* AVCaptureManager.m in Sources */ = {isa = PBXBuildFile; fileRef = ED463E4A1D4B21FD00D77DE4 /* AVCaptureManager.m */; };
		ED463E4E1D4B21FD00D77DE4 /* AVCapturePreview.m in Sources */ = {isa = PBXBuildFile; fileRef = ED463E4C1D4B21FD00D77DE4 /* AVCapturePreview.m */; };
/* End PBXBuildFile section */

/* Begin PBXFileReference section */
		ED463E271D4A025100D77DE4 /* RTMPDemo.app */ = {isa = PBXFileReference; explicitFileType = wrapper.application; includeInIndex = 0; path = RTMPDemo.app; sourceTree = BUILT_PRODUCTS_DIR; };
		ED463E2B1D4A025100D77DE4 /* main.m */ = {isa = PBXFileReference; lastKnownFileType = sourcecode.c.objc; path = main.m; sourceTree = "<group>"; };
		ED463E2D1D4A025100D77DE4 /* AppDelegate.h */ = {isa = PBXFileReference; lastKnownFileType = sourcecode.c.h; path = AppDelegate.h; sourceTree = "<group>"; };
		ED463E2E1D4A025100D77DE4 /* AppDelegate.m */ = {isa = PBXFileReference; lastKnownFileType = sourcecode.c.objc; path = AppDelegate.m; sourceTree = "<group>"; };
		ED463E301D4A025100D77DE4 /* ViewController.h */ = {isa = PBXFileReference; lastKnownFileType = sourcecode.c.h; path = ViewController.h; sourceTree = "<group>"; };
		ED463E311D4A025100D77DE4 /* ViewController.m */ = {isa = PBXFileReference; lastKnownFileType = sourcecode.c.objc; path = ViewController.m; sourceTree = "<group>"; };
		ED463E341D4A025100D77DE4 /* Base */ = {isa = PBXFileReference; lastKnownFileType = file.storyboard; name = Base; path = Base.lproj/Main.storyboard; sourceTree = "<group>"; };
		ED463E361D4A025100D77DE4 /* Assets.xcassets */ = {isa = PBXFileReference; lastKnownFileType = folder.assetcatalog; path = Assets.xcassets; sourceTree = "<group>"; };
		ED463E391D4A025100D77DE4 /* Base */ = {isa = PBXFileReference; lastKnownFileType = file.storyboard; name = Base; path = Base.lproj/LaunchScreen.storyboard; sourceTree = "<group>"; };
		ED463E3B1D4A025100D77DE4 /* Info.plist */ = {isa = PBXFileReference; lastKnownFileType = text.plist.xml; path = Info.plist; sourceTree = "<group>"; };
		ED463E411D4A0A7000D77DE4 /* AVFoundation.framework */ = {isa = PBXFileReference; lastKnownFileType = wrapper.framework; name = AVFoundation.framework; path = System/Library/Frameworks/AVFoundation.framework; sourceTree = SDKROOT; };
		ED463E491D4B21FD00D77DE4 /* AVCaptureManager.h */ = {isa = PBXFileReference; fileEncoding = 4; lastKnownFileType = sourcecode.c.h; path = AVCaptureManager.h; sourceTree = "<group>"; };
		ED463E4A1D4B21FD00D77DE4 /* AVCaptureManager.m */ = {isa = PBXFileReference; fileEncoding = 4; lastKnownFileType = sourcecode.c.objc; path = AVCaptureManager.m; sourceTree = "<group>"; };
		ED463E4B1D4B21FD00D77DE4 /* AVCapturePreview.h */ = {isa = PBXFileReference; fileEncoding = 4; lastKnownFileType = sourcecode.c.h; path = AVCapturePreview.h; sourceTree = "<group>"; };
		ED463E4C1D4B21FD00D77DE4 /* AVCapturePreview.m */ = {isa = PBXFileReference; fileEncoding = 4; lastKnownFileType = sourcecode.c.objc; path = AVCapturePreview.m; sourceTree = "<group>"; };
		ED463E4F1D4B221D00D77DE4 /* PublicDefine.h */ = {isa = PBXFileReference; lastKnownFileType = sourcecode.c.h; path = PublicDefine.h; sourceTree = "<group>"; };
/* End PBXFileReference section */

/* Begin PBXFrameworksBuildPhase section */
		ED463E241D4A025100D77DE4 /* Frameworks */ = {
			isa = PBXFrameworksBuildPhase;
			buildActionMask = 2147483647;
			files = (
				ED463E421D4A0A7000D77DE4 /* AVFoundation.framework in Frameworks */,
			);
			runOnlyForDeploymentPostprocessing = 0;
		};
/* End PBXFrameworksBuildPhase section */

/* Begin PBXGroup section */
		ED463E1E1D4A025100D77DE4 = {
			isa = PBXGroup;
			children = (
				ED463E411D4A0A7000D77DE4 /* AVFoundation.framework */,
				ED463E291D4A025100D77DE4 /* RTMPDemo */,
				ED463E281D4A025100D77DE4 /* Products */,
			);
			sourceTree = "<group>";
		};
		ED463E281D4A025100D77DE4 /* Products */ = {
			isa = PBXGroup;
			children = (
				ED463E271D4A025100D77DE4 /* RTMPDemo.app */,
			);
			name = Products;
			sourceTree = "<group>";
		};
		ED463E291D4A025100D77DE4 /* RTMPDemo */ = {
			isa = PBXGroup;
			children = (
				ED463E2D1D4A025100D77DE4 /* AppDelegate.h */,
				ED463E2E1D4A025100D77DE4 /* AppDelegate.m */,
				ED463E301D4A025100D77DE4 /* ViewController.h */,
				ED463E311D4A025100D77DE4 /* ViewController.m */,
				ED463E331D4A025100D77DE4 /* Main.storyboard */,
				ED463E4F1D4B221D00D77DE4 /* PublicDefine.h */,
				ED463E491D4B21FD00D77DE4 /* AVCaptureManager.h */,
				ED463E4A1D4B21FD00D77DE4 /* AVCaptureManager.m */,
				ED463E4B1D4B21FD00D77DE4 /* AVCapturePreview.h */,
				ED463E4C1D4B21FD00D77DE4 /* AVCapturePreview.m */,
				ED463E361D4A025100D77DE4 /* Assets.xcassets */,
				ED463E381D4A025100D77DE4 /* LaunchScreen.storyboard */,
				ED463E3B1D4A025100D77DE4 /* Info.plist */,
				ED463E2A1D4A025100D77DE4 /* Supporting Files */,
			);
			path = RTMPDemo;
			sourceTree = "<group>";
		};
		ED463E2A1D4A025100D77DE4 /* Supporting Files */ = {
			isa = PBXGroup;
			children = (
				ED463E2B1D4A025100D77DE4 /* main.m */,
			);
			name = "Supporting Files";
			sourceTree = "<group>";
		};
/* End PBXGroup section */

/* Begin PBXNativeTarget section */
		ED463E261D4A025100D77DE4 /* RTMPDemo */ = {
			isa = PBXNativeTarget;
			buildConfigurationList = ED463E3E1D4A025100D77DE4 /* Build configuration list for PBXNativeTarget "RTMPDemo" */;
			buildPhases = (
				ED463E231D4A025100D77DE4 /* Sources */,
				ED463E241D4A025100D77DE4 /* Frameworks */,
				ED463E251D4A025100D77DE4 /* Resources */,
			);
			buildRules = (
			);
			dependencies = (
			);
			name = RTMPDemo;
			productName = RTMPDemo;
			productReference = ED463E271D4A025100D77DE4 /* RTMPDemo.app */;
			productType = "com.apple.product-type.application";
		};
/* End PBXNativeTarget section */

/* Begin PBXProject section */
		ED463E1F1D4A025100D77DE4 /* Project object */ = {
			isa = PBXProject;
			attributes = {
				LastUpgradeCheck = 0730;
				ORGANIZATIONNAME = Janven;
				TargetAttributes = {
					ED463E261D4A025100D77DE4 = {
						CreatedOnToolsVersion = 7.3.1;
						DevelopmentTeam = 5U4E6NB59X;
					};
				};
			};
			buildConfigurationList = ED463E221D4A025100D77DE4 /* Build configuration list for PBXProject "RTMPDemo" */;
			compatibilityVersion = "Xcode 3.2";
			developmentRegion = English;
			hasScannedForEncodings = 0;
			knownRegions = (
				en,
				Base,
			);
			mainGroup = ED463E1E1D4A025100D77DE4;
			productRefGroup = ED463E281D4A025100D77DE4 /* Products */;
			projectDirPath = "";
			projectRoot = "";
			targets = (
				ED463E261D4A025100D77DE4 /* RTMPDemo */,
			);
		};
/* End PBXProject section */

/* Begin PBXResourcesBuildPhase section */
		ED463E251D4A025100D77DE4 /* Resources */ = {
			isa = PBXResourcesBuildPhase;
			buildActionMask = 2147483647;
			files = (
				ED463E3A1D4A025100D77DE4 /* LaunchScreen.storyboard in Resources */,
				ED463E371D4A025100D77DE4 /* Assets.xcassets in Resources */,
				ED463E351D4A025100D77DE4 /* Main.storyboard in Resources */,
			);
			runOnlyForDeploymentPostprocessing = 0;
		};
/* End PBXResourcesBuildPhase section */

/* Begin PBXSourcesBuildPhase section */
		ED463E231D4A025100D77DE4 /* Sources */ = {
			isa = PBXSourcesBuildPhase;
			buildActionMask = 2147483647;
			files = (
				ED463E321D4A025100D77DE4 /* ViewController.m in Sources */,
				ED463E2F1D4A025100D77DE4 /* AppDelegate.m in Sources */,
				ED463E2C1D4A025100D77DE4 /* main.m in Sources */,
				ED463E4E1D4B21FD00D77DE4 /* AVCapturePreview.m in Sources */,
				ED463E4D1D4B21FD00D77DE4 /* AVCaptureManager.m in Sources */,
			);
			runOnlyForDeploymentPostprocessing = 0;
		};
/* End PBXSourcesBuildPhase section */

/* Begin PBXVariantGroup section */
		ED463E331D4A025100D77DE4 /* Main.storyboard */ = {
			isa = PBXVariantGroup;
			children = (
				ED463E341D4A025100D77DE4 /* Base */,
			);
			name = Main.storyboard;
			sourceTree = "<group>";
		};
		ED463E381D4A025100D77DE4 /* LaunchScreen.storyboard */ = {
			isa = PBXVariantGroup;
			children = (
				ED463E391D4A025100D77DE4 /* Base */,
			);
			name = LaunchScreen.storyboard;
			sourceTree = "<group>";
		};
/* End PBXVariantGroup section */

/* Begin XCBuildConfiguration section */
		ED463E3C1D4A025100D77DE4 /* Debug */ = {
			isa = XCBuildConfiguration;
			buildSettings = {
				ALWAYS_SEARCH_USER_PATHS = NO;
				CLANG_ANALYZER_NONNULL = YES;
				CLANG_CXX_LANGUAGE_STANDARD = "gnu++0x";
				CLANG_CXX_LIBRARY = "libc++";
				CLANG_ENABLE_MODULES = YES;
				CLANG_ENABLE_OBJC_ARC = YES;
				CLANG_WARN_BOOL_CONVERSION = YES;
				CLANG_WARN_CONSTANT_CONVERSION = YES;
				CLANG_WARN_DIRECT_OBJC_ISA_USAGE = YES_ERROR;
				CLANG_WARN_EMPTY_BODY = YES;
				CLANG_WARN_ENUM_CONVERSION = YES;
				CLANG_WARN_INT_CONVERSION = YES;
				CLANG_WARN_OBJC_ROOT_CLASS = YES_ERROR;
				CLANG_WARN_UNREACHABLE_CODE = YES;
				CLANG_WARN__DUPLICATE_METHOD_MATCH = YES;
				"CODE_SIGN_IDENTITY[sdk=iphoneos*]" = "iPhone Developer";
				COPY_PHASE_STRIP = NO;
				DEBUG_INFORMATION_FORMAT = dwarf;
				ENABLE_STRICT_OBJC_MSGSEND = YES;
				ENABLE_TESTABILITY = YES;
				GCC_C_LANGUAGE_STANDARD = gnu99;
				GCC_DYNAMIC_NO_PIC = NO;
				GCC_NO_COMMON_BLOCKS = YES;
				GCC_OPTIMIZATION_LEVEL = 0;
				GCC_PREPROCESSOR_DEFINITIONS = (
					"DEBUG=1",
					"$(inherited)",
				);
				GCC_WARN_64_TO_32_BIT_CONVERSION = YES;
				GCC_WARN_ABOUT_RETURN_TYPE = YES_ERROR;
				GCC_WARN_UNDECLARED_SELECTOR = YES;
				GCC_WARN_UNINITIALIZED_AUTOS = YES_AGGRESSIVE;
				GCC_WARN_UNUSED_FUNCTION = YES;
				GCC_WARN_UNUSED_VARIABLE = YES;
				IPHONEOS_DEPLOYMENT_TARGET = 9.3;
				MTL_ENABLE_DEBUG_INFO = YES;
				ONLY_ACTIVE_ARCH = YES;
				PROVISIONING_PROFILE = "90ca259b-fd4e-41ec-a00b-30fb9d0ecb94";
				SDKROOT = iphoneos;
			};
			name = Debug;
		};
		ED463E3D1D4A025100D77DE4 /* Release */ = {
			isa = XCBuildConfiguration;
			buildSettings = {
				ALWAYS_SEARCH_USER_PATHS = NO;
				CLANG_ANALYZER_NONNULL = YES;
				CLANG_CXX_LANGUAGE_STANDARD = "gnu++0x";
				CLANG_CXX_LIBRARY = "libc++";
				CLANG_ENABLE_MODULES = YES;
				CLANG_ENABLE_OBJC_ARC = YES;
				CLANG_WARN_BOOL_CONVERSION = YES;
				CLANG_WARN_CONSTANT_CONVERSION = YES;
				CLANG_WARN_DIRECT_OBJC_ISA_USAGE = YES_ERROR;
				CLANG_WARN_EMPTY_BODY = YES;
				CLANG_WARN_ENUM_CONVERSION = YES;
				CLANG_WARN_INT_CONVERSION = YES;
				CLANG_WARN_OBJC_ROOT_CLASS = YES_ERROR;
				CLANG_WARN_UNREACHABLE_CODE = YES;
				CLANG_WARN__DUPLICATE_METHOD_MATCH = YES;
				"CODE_SIGN_IDENTITY[sdk=iphoneos*]" = "iPhone Developer";
				COPY_PHASE_STRIP = NO;
				DEBUG_INFORMATION_FORMAT = "dwarf-with-dsym";
				ENABLE_NS_ASSERTIONS = NO;
				ENABLE_STRICT_OBJC_MSGSEND = YES;
				GCC_C_LANGUAGE_STANDARD = gnu99;
				GCC_NO_COMMON_BLOCKS = YES;
				GCC_WARN_64_TO_32_BIT_CONVERSION = YES;
				GCC_WARN_ABOUT_RETURN_TYPE = YES_ERROR;
				GCC_WARN_UNDECLARED_SELECTOR = YES;
				GCC_WARN_UNINITIALIZED_AUTOS = YES_AGGRESSIVE;
				GCC_WARN_UNUSED_FUNCTION = YES;
				GCC_WARN_UNUSED_VARIABLE = YES;
				IPHONEOS_DEPLOYMENT_TARGET = 9.3;
				MTL_ENABLE_DEBUG_INFO = NO;
				SDKROOT = iphoneos;
				VALIDATE_PRODUCT = YES;
			};
			name = Release;
		};
		ED463E3F1D4A025100D77DE4 /* Debug */ = {
			isa = XCBuildConfiguration;
			buildSettings = {
				ASSETCATALOG_COMPILER_APPICON_NAME = AppIcon;
				CODE_SIGN_IDENTITY = "iPhone Developer";
				"CODE_SIGN_IDENTITY[sdk=iphoneos*]" = "iPhone Developer";
				INFOPLIST_FILE = RTMPDemo/Info.plist;
				LD_RUNPATH_SEARCH_PATHS = "$(inherited) @executable_path/Frameworks";
				PRODUCT_BUNDLE_IDENTIFIER = com.Demo.RTMPDemo;
				PRODUCT_NAME = "$(TARGET_NAME)";
				PROVISIONING_PROFILE = "";
			};
			name = Debug;
		};
		ED463E401D4A025100D77DE4 /* Release */ = {
			isa = XCBuildConfiguration;
			buildSettings = {
				ASSETCATALOG_COMPILER_APPICON_NAME = AppIcon;
				CODE_SIGN_IDENTITY = "iPhone Developer";
				"CODE_SIGN_IDENTITY[sdk=iphoneos*]" = "iPhone Developer";
				INFOPLIST_FILE = RTMPDemo/Info.plist;
				LD_RUNPATH_SEARCH_PATHS = "$(inherited) @executable_path/Frameworks";
				PRODUCT_BUNDLE_IDENTIFIER = com.Demo.RTMPDemo;
				PRODUCT_NAME = "$(TARGET_NAME)";
				PROVISIONING_PROFILE = "";
			};
			name = Release;
		};
/* End XCBuildConfiguration section */

/* Begin XCConfigurationList section */
		ED463E221D4A025100D77DE4 /* Build configuration list for PBXProject "RTMPDemo" */ = {
			isa = XCConfigurationList;
			buildConfigurations = (
				ED463E3C1D4A025100D77DE4 /* Debug */,
				ED463E3D1D4A025100D77DE4 /* Release */,
			);
			defaultConfigurationIsVisible = 0;
			defaultConfigurationName = Release;
		};
		ED463E3E1D4A025100D77DE4 /* Build configuration list for PBXNativeTarget "RTMPDemo" */ = {
			isa = XCConfigurationList;
			buildConfigurations = (
				ED463E3F1D4A025100D77DE4 /* Debug */,
				ED463E401D4A025100D77DE4 /* Release */,
			);
			defaultConfigurationIsVisible = 0;
			defaultConfigurationName = Release;
		};
/* End XCConfigurationList section */
	};
	rootObject = ED463E1F1D4A025100D77DE4 /* Project object */;
}
